// !$*UTF8*$!
{
	archiveVersion = 1;
	classes = {
	};
	objectVersion = 50;
	objects = {

/* Begin PBXBuildFile section */
		C15F21CB2163963C00589F5C /* AppDelegate.swift in Sources */ = {isa = PBXBuildFile; fileRef = C15F21CA2163963C00589F5C /* AppDelegate.swift */; };
		C15F21CD2163963C00589F5C /* ViewController.swift in Sources */ = {isa = PBXBuildFile; fileRef = C15F21CC2163963C00589F5C /* ViewController.swift */; };
		C15F21D02163963C00589F5C /* Main.storyboard in Resources */ = {isa = PBXBuildFile; fileRef = C15F21CE2163963C00589F5C /* Main.storyboard */; };
		C15F21D22163963F00589F5C /* Assets.xcassets in Resources */ = {isa = PBXBuildFile; fileRef = C15F21D12163963F00589F5C /* Assets.xcassets */; };
		C15F21D52163963F00589F5C /* LaunchScreen.storyboard in Resources */ = {isa = PBXBuildFile; fileRef = C15F21D32163963F00589F5C /* LaunchScreen.storyboard */; };
		C15F21DD216396C000589F5C /* User.swift in Sources */ = {isa = PBXBuildFile; fileRef = C15F21DC216396C000589F5C /* User.swift */; };
		C15F21DF2163973E00589F5C /* API.swift in Sources */ = {isa = PBXBuildFile; fileRef = C15F21DE2163973E00589F5C /* API.swift */; };
		C15F21E12163A03400589F5C /* ImageDownloader.swift in Sources */ = {isa = PBXBuildFile; fileRef = C15F21E02163A03400589F5C /* ImageDownloader.swift */; };
		C15F21E32164421F00589F5C /* UserListViewModel.swift in Sources */ = {isa = PBXBuildFile; fileRef = C15F21E22164421F00589F5C /* UserListViewModel.swift */; };
/* End PBXBuildFile section */

/* Begin PBXFileReference section */
		C15F21C72163963C00589F5C /* GitHubClientExample.app */ = {isa = PBXFileReference; explicitFileType = wrapper.application; includeInIndex = 0; path = GitHubClientExample.app; sourceTree = BUILT_PRODUCTS_DIR; };
		C15F21CA2163963C00589F5C /* AppDelegate.swift */ = {isa = PBXFileReference; lastKnownFileType = sourcecode.swift; path = AppDelegate.swift; sourceTree = "<group>"; };
		C15F21CC2163963C00589F5C /* ViewController.swift */ = {isa = PBXFileReference; lastKnownFileType = sourcecode.swift; path = ViewController.swift; sourceTree = "<group>"; };
		C15F21CF2163963C00589F5C /* Base */ = {isa = PBXFileReference; lastKnownFileType = file.storyboard; name = Base; path = Base.lproj/Main.storyboard; sourceTree = "<group>"; };
		C15F21D12163963F00589F5C /* Assets.xcassets */ = {isa = PBXFileReference; lastKnownFileType = folder.assetcatalog; path = Assets.xcassets; sourceTree = "<group>"; };
		C15F21D42163963F00589F5C /* Base */ = {isa = PBXFileReference; lastKnownFileType = file.storyboard; name = Base; path = Base.lproj/LaunchScreen.storyboard; sourceTree = "<group>"; };
		C15F21D62163963F00589F5C /* Info.plist */ = {isa = PBXFileReference; lastKnownFileType = text.plist.xml; path = Info.plist; sourceTree = "<group>"; };
		C15F21DC216396C000589F5C /* User.swift */ = {isa = PBXFileReference; lastKnownFileType = sourcecode.swift; path = User.swift; sourceTree = "<group>"; };
		C15F21DE2163973E00589F5C /* API.swift */ = {isa = PBXFileReference; lastKnownFileType = sourcecode.swift; path = API.swift; sourceTree = "<group>"; };
		C15F21E02163A03400589F5C /* ImageDownloader.swift */ = {isa = PBXFileReference; lastKnownFileType = sourcecode.swift; path = ImageDownloader.swift; sourceTree = "<group>"; };
		C15F21E22164421F00589F5C /* UserListViewModel.swift */ = {isa = PBXFileReference; lastKnownFileType = sourcecode.swift; path = UserListViewModel.swift; sourceTree = "<group>"; };
/* End PBXFileReference section */

/* Begin PBXFrameworksBuildPhase section */
		C15F21C42163963C00589F5C /* Frameworks */ = {
			isa = PBXFrameworksBuildPhase;
			buildActionMask = 2147483647;
			files = (
			);
			runOnlyForDeploymentPostprocessing = 0;
		};
/* End PBXFrameworksBuildPhase section */

/* Begin PBXGroup section */
		C15F21BE2163963C00589F5C = {
			isa = PBXGroup;
			children = (
				C15F21C92163963C00589F5C /* GitHubClientExample */,
				C15F21C82163963C00589F5C /* Products */,
			);
			sourceTree = "<group>";
		};
		C15F21C82163963C00589F5C /* Products */ = {
			isa = PBXGroup;
			children = (
				C15F21C72163963C00589F5C /* GitHubClientExample.app */,
			);
			name = Products;
			sourceTree = "<group>";
		};
		C15F21C92163963C00589F5C /* GitHubClientExample */ = {
			isa = PBXGroup;
			children = (
				C15F21CA2163963C00589F5C /* AppDelegate.swift */,
				C15F21CC2163963C00589F5C /* ViewController.swift */,
				C15F21CE2163963C00589F5C /* Main.storyboard */,
				C15F21D12163963F00589F5C /* Assets.xcassets */,
				C15F21D32163963F00589F5C /* LaunchScreen.storyboard */,
				C15F21D62163963F00589F5C /* Info.plist */,
				C15F21DC216396C000589F5C /* User.swift */,
				C15F21DE2163973E00589F5C /* API.swift */,
				C15F21E02163A03400589F5C /* ImageDownloader.swift */,
				C15F21E22164421F00589F5C /* UserListViewModel.swift */,
			);
			path = GitHubClientExample;
			sourceTree = "<group>";
		};
/* End PBXGroup section */

/* Begin PBXNativeTarget section */
		C15F21C62163963C00589F5C /* GitHubClientExample */ = {
			isa = PBXNativeTarget;
			buildConfigurationList = C15F21D92163963F00589F5C /* Build configuration list for PBXNativeTarget "GitHubClientExample" */;
			buildPhases = (
				C15F21C32163963C00589F5C /* Sources */,
				C15F21C42163963C00589F5C /* Frameworks */,
				C15F21C52163963C00589F5C /* Resources */,
			);
			buildRules = (
			);
			dependencies = (
			);
			name = GitHubClientExample;
			productName = GitHubClientExample;
			productReference = C15F21C72163963C00589F5C /* GitHubClientExample.app */;
			productType = "com.apple.product-type.application";
		};
/* End PBXNativeTarget section */

/* Begin PBXProject section */
		C15F21BF2163963C00589F5C /* Project object */ = {
			isa = PBXProject;
			attributes = {
				LastSwiftUpdateCheck = 1000;
				LastUpgradeCheck = 1000;
				ORGANIZATIONNAME = "Nishihara Kiyoshi";
				TargetAttributes = {
					C15F21C62163963C00589F5C = {
						CreatedOnToolsVersion = 10.0;
					};
				};
			};
			buildConfigurationList = C15F21C22163963C00589F5C /* Build configuration list for PBXProject "GitHubClientExample" */;
			compatibilityVersion = "Xcode 9.3";
			developmentRegion = en;
			hasScannedForEncodings = 0;
			knownRegions = (
				en,
				Base,
			);
			mainGroup = C15F21BE2163963C00589F5C;
			productRefGroup = C15F21C82163963C00589F5C /* Products */;
			projectDirPath = "";
			projectRoot = "";
			targets = (
				C15F21C62163963C00589F5C /* GitHubClientExample */,
			);
		};
/* End PBXProject section */

/* Begin PBXResourcesBuildPhase section */
		C15F21C52163963C00589F5C /* Resources */ = {
			isa = PBXResourcesBuildPhase;
			buildActionMask = 2147483647;
			files = (
				C15F21D52163963F00589F5C /* LaunchScreen.storyboard in Resources */,
				C15F21D22163963F00589F5C /* Assets.xcassets in Resources */,
				C15F21D02163963C00589F5C /* Main.storyboard in Resources */,
			);
			runOnlyForDeploymentPostprocessing = 0;
		};
/* End PBXResourcesBuildPhase section */

/* Begin PBXSourcesBuildPhase section */
		C15F21C32163963C00589F5C /* Sources */ = {
			isa = PBXSourcesBuildPhase;
			buildActionMask = 2147483647;
			files = (
				C15F21CD2163963C00589F5C /* ViewController.swift in Sources */,
				C15F21E32164421F00589F5C /* UserListViewModel.swift in Sources */,
				C15F21E12163A03400589F5C /* ImageDownloader.swift in Sources */,
				C15F21CB2163963C00589F5C /* AppDelegate.swift in Sources */,
				C15F21DF2163973E00589F5C /* API.swift in Sources */,
				C15F21DD216396C000589F5C /* User.swift in Sources */,
			);
			runOnlyForDeploymentPostprocessing = 0;
		};
/* End PBXSourcesBuildPhase section */

/* Begin PBXVariantGroup section */
		C15F21CE2163963C00589F5C /* Main.storyboard */ = {
			isa = PBXVariantGroup;
			children = (
				C15F21CF2163963C00589F5C /* Base */,
			);
			name = Main.storyboard;
			sourceTree = "<group>";
		};
		C15F21D32163963F00589F5C /* LaunchScreen.storyboard */ = {
			isa = PBXVariantGroup;
			children = (
				C15F21D42163963F00589F5C /* Base */,
			);
			name = LaunchScreen.storyboard;
			sourceTree = "<group>";
		};
/* End PBXVariantGroup section */

/* Begin XCBuildConfiguration section */
		C15F21D72163963F00589F5C /* Debug */ = {
			isa = XCBuildConfiguration;
			buildSettings = {
				ALWAYS_SEARCH_USER_PATHS = NO;
				CLANG_ANALYZER_NONNULL = YES;
				CLANG_ANALYZER_NUMBER_OBJECT_CONVERSION = YES_AGGRESSIVE;
				CLANG_CXX_LANGUAGE_STANDARD = "gnu++14";
				CLANG_CXX_LIBRARY = "libc++";
				CLANG_ENABLE_MODULES = YES;
				CLANG_ENABLE_OBJC_ARC = YES;
				CLANG_ENABLE_OBJC_WEAK = YES;
				CLANG_WARN_BLOCK_CAPTURE_AUTORELEASING = YES;
				CLANG_WARN_BOOL_CONVERSION = YES;
				CLANG_WARN_COMMA = YES;
				CLANG_WARN_CONSTANT_CONVERSION = YES;
				CLANG_WARN_DEPRECATED_OBJC_IMPLEMENTATIONS = YES;
				CLANG_WARN_DIRECT_OBJC_ISA_USAGE = YES_ERROR;
				CLANG_WARN_DOCUMENTATION_COMMENTS = YES;
				CLANG_WARN_EMPTY_BODY = YES;
				CLANG_WARN_ENUM_CONVERSION = YES;
				CLANG_WARN_INFINITE_RECURSION = YES;
				CLANG_WARN_INT_CONVERSION = YES;
				CLANG_WARN_NON_LITERAL_NULL_CONVERSION = YES;
				CLANG_WARN_OBJC_IMPLICIT_RETAIN_SELF = YES;
				CLANG_WARN_OBJC_LITERAL_CONVERSION = YES;
				CLANG_WARN_OBJC_ROOT_CLASS = YES_ERROR;
				CLANG_WARN_RANGE_LOOP_ANALYSIS = YES;
				CLANG_WARN_STRICT_PROTOTYPES = YES;
				CLANG_WARN_SUSPICIOUS_MOVE = YES;
				CLANG_WARN_UNGUARDED_AVAILABILITY = YES_AGGRESSIVE;
				CLANG_WARN_UNREACHABLE_CODE = YES;
				CLANG_WARN__DUPLICATE_METHOD_MATCH = YES;
				CODE_SIGN_IDENTITY = "iPhone Developer";
				COPY_PHASE_STRIP = NO;
				DEBUG_INFORMATION_FORMAT = dwarf;
				ENABLE_STRICT_OBJC_MSGSEND = YES;
				ENABLE_TESTABILITY = YES;
				GCC_C_LANGUAGE_STANDARD = gnu11;
				GCC_DYNAMIC_NO_PIC = NO;
				GCC_NO_COMMON_BLOCKS = YES;
				GCC_OPTIMIZATION_LEVEL = 0;
				GCC_PREPROCESSOR_DEFINITIONS = (
					"DEBUG=1",
					"$(inherited)",
				);
				GCC_WARN_64_TO_32_BIT_CONVERSION = YES;
				GCC_WARN_ABOUT_RETURN_TYPE = YES_ERROR;
				GCC_WARN_UNDECLARED_SELECTOR = YES;
				GCC_WARN_UNINITIALIZED_AUTOS = YES_AGGRESSIVE;
				GCC_WARN_UNUSED_FUNCTION = YES;
				GCC_WARN_UNUSED_VARIABLE = YES;
				IPHONEOS_DEPLOYMENT_TARGET = 12.0;
				MTL_ENABLE_DEBUG_INFO = INCLUDE_SOURCE;
				MTL_FAST_MATH = YES;
				ONLY_ACTIVE_ARCH = YES;
				SDKROOT = iphoneos;
				SWIFT_ACTIVE_COMPILATION_CONDITIONS = DEBUG;
				SWIFT_OPTIMIZATION_LEVEL = "-Onone";
			};
			name = Debug;
		};
		C15F21D82163963F00589F5C /* Release */ = {
			isa = XCBuildConfiguration;
			buildSettings = {
				ALWAYS_SEARCH_USER_PATHS = NO;
				CLANG_ANALYZER_NONNULL = YES;
				CLANG_ANALYZER_NUMBER_OBJECT_CONVERSION = YES_AGGRESSIVE;
				CLANG_CXX_LANGUAGE_STANDARD = "gnu++14";
				CLANG_CXX_LIBRARY = "libc++";
				CLANG_ENABLE_MODULES = YES;
				CLANG_ENABLE_OBJC_ARC = YES;
				CLANG_ENABLE_OBJC_WEAK = YES;
				CLANG_WARN_BLOCK_CAPTURE_AUTORELEASING = YES;
				CLANG_WARN_BOOL_CONVERSION = YES;
				CLANG_WARN_COMMA = YES;
				CLANG_WARN_CONSTANT_CONVERSION = YES;
				CLANG_WARN_DEPRECATED_OBJC_IMPLEMENTATIONS = YES;
				CLANG_WARN_DIRECT_OBJC_ISA_USAGE = YES_ERROR;
				CLANG_WARN_DOCUMENTATION_COMMENTS = YES;
				CLANG_WARN_EMPTY_BODY = YES;
				CLANG_WARN_ENUM_CONVERSION = YES;
				CLANG_WARN_INFINITE_RECURSION = YES;
				CLANG_WARN_INT_CONVERSION = YES;
				CLANG_WARN_NON_LITERAL_NULL_CONVERSION = YES;
				CLANG_WARN_OBJC_IMPLICIT_RETAIN_SELF = YES;
				CLANG_WARN_OBJC_LITERAL_CONVERSION = YES;
				CLANG_WARN_OBJC_ROOT_CLASS = YES_ERROR;
				CLANG_WARN_RANGE_LOOP_ANALYSIS = YES;
				CLANG_WARN_STRICT_PROTOTYPES = YES;
				CLANG_WARN_SUSPICIOUS_MOVE = YES;
				CLANG_WARN_UNGUARDED_AVAILABILITY = YES_AGGRESSIVE;
				CLANG_WARN_UNREACHABLE_CODE = YES;
				CLANG_WARN__DUPLICATE_METHOD_MATCH = YES;
				CODE_SIGN_IDENTITY = "iPhone Developer";
				COPY_PHASE_STRIP = NO;
				DEBUG_INFORMATION_FORMAT = "dwarf-with-dsym";
				ENABLE_NS_ASSERTIONS = NO;
				ENABLE_STRICT_OBJC_MSGSEND = YES;
				GCC_C_LANGUAGE_STANDARD = gnu11;
				GCC_NO_COMMON_BLOCKS = YES;
				GCC_WARN_64_TO_32_BIT_CONVERSION = YES;
				GCC_WARN_ABOUT_RETURN_TYPE = YES_ERROR;
				GCC_WARN_UNDECLARED_SELECTOR = YES;
				GCC_WARN_UNINITIALIZED_AUTOS = YES_AGGRESSIVE;
				GCC_WARN_UNUSED_FUNCTION = YES;
				GCC_WARN_UNUSED_VARIABLE = YES;
				IPHONEOS_DEPLOYMENT_TARGET = 12.0;
				MTL_ENABLE_DEBUG_INFO = NO;
				MTL_FAST_MATH = YES;
				SDKROOT = iphoneos;
				SWIFT_COMPILATION_MODE = wholemodule;
				SWIFT_OPTIMIZATION_LEVEL = "-O";
				VALIDATE_PRODUCT = YES;
			};
			name = Release;
		};
		C15F21DA2163963F00589F5C /* Debug */ = {
			isa = XCBuildConfiguration;
			buildSettings = {
				ASSETCATALOG_COMPILER_APPICON_NAME = AppIcon;
				CODE_SIGN_STYLE = Automatic;
				INFOPLIST_FILE = GitHubClientExample/Info.plist;
				LD_RUNPATH_SEARCH_PATHS = (
					"$(inherited)",
					"@executable_path/Frameworks",
				);
				PRODUCT_BUNDLE_IDENTIFIER = com.paranishian.GitHubClientExample;
				PRODUCT_NAME = "$(TARGET_NAME)";
				SWIFT_VERSION = 4.2;
				TARGETED_DEVICE_FAMILY = "1,2";
			};
			name = Debug;
		};
		C15F21DB2163963F00589F5C /* Release */ = {
			isa = XCBuildConfiguration;
			buildSettings = {
				ASSETCATALOG_COMPILER_APPICON_NAME = AppIcon;
				CODE_SIGN_STYLE = Automatic;
				INFOPLIST_FILE = GitHubClientExample/Info.plist;
				LD_RUNPATH_SEARCH_PATHS = (
					"$(inherited)",
					"@executable_path/Frameworks",
				);
				PRODUCT_BUNDLE_IDENTIFIER = com.paranishian.GitHubClientExample;
				PRODUCT_NAME = "$(TARGET_NAME)";
				SWIFT_VERSION = 4.2;
				TARGETED_DEVICE_FAMILY = "1,2";
			};
			name = Release;
		};
/* End XCBuildConfiguration section */

/* Begin XCConfigurationList section */
		C15F21C22163963C00589F5C /* Build configuration list for PBXProject "GitHubClientExample" */ = {
			isa = XCConfigurationList;
			buildConfigurations = (
				C15F21D72163963F00589F5C /* Debug */,
				C15F21D82163963F00589F5C /* Release */,
			);
			defaultConfigurationIsVisible = 0;
			defaultConfigurationName = Release;
		};
		C15F21D92163963F00589F5C /* Build configuration list for PBXNativeTarget "GitHubClientExample" */ = {
			isa = XCConfigurationList;
			buildConfigurations = (
				C15F21DA2163963F00589F5C /* Debug */,
				C15F21DB2163963F00589F5C /* Release */,
			);
			defaultConfigurationIsVisible = 0;
			defaultConfigurationName = Release;
		};
/* End XCConfigurationList section */
	};
	rootObject = C15F21BF2163963C00589F5C /* Project object */;
}
